
Microsoft Visual Studio Solution File, Format Version 12.00
# Visual Studio Version 16
VisualStudioVersion = 16.0.30413.136
MinimumVisualStudioVersion = 10.0.40219.1
Project("{9A19103F-16F7-4668-BE54-9A1E7A4F7556}") = "ML.FichaTecnica", "ML.FichaTecnica\ML.FichaTecnica.csproj", "{BDE4AE56-50D1-467D-BB76-DAD601763CEC}"
EndProject
Project("{FAE04EC0-301F-11D3-BF4B-00C04F79EFBC}") = "DevTest", "DevTest\DevTest.csproj", "{0641E180-0D03-4200-AEB5-91BADC8F2583}"
EndProject
Project("{FAE04EC0-301F-11D3-BF4B-00C04F79EFBC}") = "ML.FichaTecnica.Services", "ML.FichaTecnica.Services\ML.FichaTecnica.Services.csproj", "{F7BBB9DA-A132-4731-A1AD-E4037EA5FCE3}"
EndProject
Project("{FAE04EC0-301F-11D3-BF4B-00C04F79EFBC}") = "ML.FichaTecnica.BusinessEntities", "ML.FichaTecnica.BusinessEntities\ML.FichaTecnica.BusinessEntities.csproj", "{764778B2-991F-45F2-8FBA-F8A9F6BC601E}"
EndProject
Global
	GlobalSection(SolutionConfigurationPlatforms) = preSolution
		Debug|Any CPU = Debug|Any CPU
		Release|Any CPU = Release|Any CPU
	EndGlobalSection
	GlobalSection(ProjectConfigurationPlatforms) = postSolution
		{BDE4AE56-50D1-467D-BB76-DAD601763CEC}.Debug|Any CPU.ActiveCfg = Debug|Any CPU
		{BDE4AE56-50D1-467D-BB76-DAD601763CEC}.Debug|Any CPU.Build.0 = Debug|Any CPU
		{BDE4AE56-50D1-467D-BB76-DAD601763CEC}.Release|Any CPU.ActiveCfg = Release|Any CPU
		{BDE4AE56-50D1-467D-BB76-DAD601763CEC}.Release|Any CPU.Build.0 = Release|Any CPU
		{0641E180-0D03-4200-AEB5-91BADC8F2583}.Debug|Any CPU.ActiveCfg = Debug|Any CPU
		{0641E180-0D03-4200-AEB5-91BADC8F2583}.Debug|Any CPU.Build.0 = Debug|Any CPU
		{0641E180-0D03-4200-AEB5-91BADC8F2583}.Release|Any CPU.ActiveCfg = Release|Any CPU
		{0641E180-0D03-4200-AEB5-91BADC8F2583}.Release|Any CPU.Build.0 = Release|Any CPU
		{F7BBB9DA-A132-4731-A1AD-E4037EA5FCE3}.Debug|Any CPU.ActiveCfg = Debug|Any CPU
		{F7BBB9DA-A132-4731-A1AD-E4037EA5FCE3}.Debug|Any CPU.Build.0 = Debug|Any CPU
		{F7BBB9DA-A132-4731-A1AD-E4037EA5FCE3}.Release|Any CPU.ActiveCfg = Release|Any CPU
		{F7BBB9DA-A132-4731-A1AD-E4037EA5FCE3}.Release|Any CPU.Build.0 = Release|Any CPU
		{764778B2-991F-45F2-8FBA-F8A9F6BC601E}.Debug|Any CPU.ActiveCfg = Debug|Any CPU
		{764778B2-991F-45F2-8FBA-F8A9F6BC601E}.Debug|Any CPU.Build.0 = Debug|Any CPU
		{764778B2-991F-45F2-8FBA-F8A9F6BC601E}.Release|Any CPU.ActiveCfg = Release|Any CPU
		{764778B2-991F-45F2-8FBA-F8A9F6BC601E}.Release|Any CPU.Build.0 = Release|Any CPU
	EndGlobalSection
	GlobalSection(SolutionProperties) = preSolution
		HideSolutionNode = FALSE
	EndGlobalSection
	GlobalSection(ExtensibilityGlobals) = postSolution
		SolutionGuid = {74FAEB58-E3C9-43E0-9E31-CCB745FCBEBB}
	EndGlobalSection
EndGlobal
